
Microsoft Visual Studio Solution File, Format Version 12.00
# Visual Studio Version 16
VisualStudioVersion = 16.0.29411.108
MinimumVisualStudioVersion = 10.0.40219.1
Project("{8BC9CEB8-8B4A-11D0-8D11-00A0C91BC942}") = "Lab1Proc", "Lab1Proc\Lab1Proc.vcxproj", "{096CD995-B8C6-4225-AB6D-45D654325246}"
EndProject
Project("{8BC9CEB8-8B4A-11D0-8D11-00A0C91BC942}") = "Test", "Test\Test.vcxproj", "{8D960214-B4EF-4B7C-944C-302FD6E3B660}"
EndProject
Global
	GlobalSection(SolutionConfigurationPlatforms) = preSolution
		Debug|x64 = Debug|x64
		Debug|x86 = Debug|x86
		Release|x64 = Release|x64
		Release|x86 = Release|x86
	EndGlobalSection
	GlobalSection(ProjectConfigurationPlatforms) = postSolution
		{096CD995-B8C6-4225-AB6D-45D654325246}.Debug|x64.ActiveCfg = Debug|x64
		{096CD995-B8C6-4225-AB6D-45D654325246}.Debug|x64.Build.0 = Debug|x64
		{096CD995-B8C6-4225-AB6D-45D654325246}.Debug|x86.ActiveCfg = Debug|Win32
		{096CD995-B8C6-4225-AB6D-45D654325246}.Debug|x86.Build.0 = Debug|Win32
		{096CD995-B8C6-4225-AB6D-45D654325246}.Release|x64.ActiveCfg = Release|x64
		{096CD995-B8C6-4225-AB6D-45D654325246}.Release|x64.Build.0 = Release|x64
		{096CD995-B8C6-4225-AB6D-45D654325246}.Release|x86.ActiveCfg = Release|Win32
		{096CD995-B8C6-4225-AB6D-45D654325246}.Release|x86.Build.0 = Release|Win32
		{8D960214-B4EF-4B7C-944C-302FD6E3B660}.Debug|x64.ActiveCfg = Debug|x64
		{8D960214-B4EF-4B7C-944C-302FD6E3B660}.Debug|x64.Build.0 = Debug|x64
		{8D960214-B4EF-4B7C-944C-302FD6E3B660}.Debug|x86.ActiveCfg = Debug|Win32
		{8D960214-B4EF-4B7C-944C-302FD6E3B660}.Debug|x86.Build.0 = Debug|Win32
		{8D960214-B4EF-4B7C-944C-302FD6E3B660}.Release|x64.ActiveCfg = Release|x64
		{8D960214-B4EF-4B7C-944C-302FD6E3B660}.Release|x64.Build.0 = Release|x64
		{8D960214-B4EF-4B7C-944C-302FD6E3B660}.Release|x86.ActiveCfg = Release|Win32
		{8D960214-B4EF-4B7C-944C-302FD6E3B660}.Release|x86.Build.0 = Release|Win32
	EndGlobalSection
	GlobalSection(SolutionProperties) = preSolution
		HideSolutionNode = FALSE
	EndGlobalSection
	GlobalSection(ExtensibilityGlobals) = postSolution
		SolutionGuid = {BE433391-57BF-4D38-8C45-14CB60828FE0}
	EndGlobalSection
EndGlobal
